
Microsoft Visual Studio Solution File, Format Version 12.00
# Visual Studio Version 17
VisualStudioVersion = 17.3.32901.215
MinimumVisualStudioVersion = 10.0.40219.1
Project("{9A19103F-16F7-4668-BE54-9A1E7A4F7556}") = "il-mio-primo-blog-after-boolean-13", "il-mio-primo-blog-after-boolean-13.csproj", "{39024A5E-A8DE-4B45-B2BA-27476BA7685D}"
EndProject
Global
	GlobalSection(SolutionConfigurationPlatforms) = preSolution
		Debug|Any CPU = Debug|Any CPU
		Release|Any CPU = Release|Any CPU
	EndGlobalSection
	GlobalSection(ProjectConfigurationPlatforms) = postSolution
		{39024A5E-A8DE-4B45-B2BA-27476BA7685D}.Debug|Any CPU.ActiveCfg = Debug|Any CPU
		{39024A5E-A8DE-4B45-B2BA-27476BA7685D}.Debug|Any CPU.Build.0 = Debug|Any CPU
		{39024A5E-A8DE-4B45-B2BA-27476BA7685D}.Release|Any CPU.ActiveCfg = Release|Any CPU
		{39024A5E-A8DE-4B45-B2BA-27476BA7685D}.Release|Any CPU.Build.0 = Release|Any CPU
	EndGlobalSection
	GlobalSection(SolutionProperties) = preSolution
		HideSolutionNode = FALSE
	EndGlobalSection
	GlobalSection(ExtensibilityGlobals) = postSolution
		SolutionGuid = {D484D746-0D8F-4F61-B09E-00B094BC3CF9}
	EndGlobalSection
EndGlobal
